// !$*UTF8*$!
{
	archiveVersion = 1;
	classes = {
	};
	objectVersion = 46;
	objects = {

/* Begin PBXBuildFile section */
		9F0F8C731433791E003B2BAB /* Info in Resources */ = {isa = PBXBuildFile; fileRef = 9F0F8C721433791E003B2BAB /* Info */; };
		9F43F3E51428DC58003093A8 /* UIKit.framework in Frameworks */ = {isa = PBXBuildFile; fileRef = 9F43F3E41428DC58003093A8 /* UIKit.framework */; };
		9F43F3E71428DC58003093A8 /* Foundation.framework in Frameworks */ = {isa = PBXBuildFile; fileRef = 9F43F3E61428DC58003093A8 /* Foundation.framework */; };
		9F43F3E91428DC58003093A8 /* CoreGraphics.framework in Frameworks */ = {isa = PBXBuildFile; fileRef = 9F43F3E81428DC58003093A8 /* CoreGraphics.framework */; };
		9F43F3EF1428DC58003093A8 /* InfoPlist.strings in Resources */ = {isa = PBXBuildFile; fileRef = 9F43F3ED1428DC58003093A8 /* InfoPlist.strings */; };
		9F43F3F11428DC58003093A8 /* main.m in Sources */ = {isa = PBXBuildFile; fileRef = 9F43F3F01428DC58003093A8 /* main.m */; };
		9F43F3F51428DC58003093A8 /* DarkTimeAppDelegate.m in Sources */ = {isa = PBXBuildFile; fileRef = 9F43F3F41428DC58003093A8 /* DarkTimeAppDelegate.m */; };
		9F43F3F91428DC58003093A8 /* DarkTimeAppDelegate_iPhone.m in Sources */ = {isa = PBXBuildFile; fileRef = 9F43F3F81428DC58003093A8 /* DarkTimeAppDelegate_iPhone.m */; };
		9F43F4001428DC58003093A8 /* DarkTimeAppDelegate_iPad.m in Sources */ = {isa = PBXBuildFile; fileRef = 9F43F3FF1428DC58003093A8 /* DarkTimeAppDelegate_iPad.m */; };
		9F43F4131428DCB7003093A8 /* DCDarkClockViewController.m in Sources */ = {isa = PBXBuildFile; fileRef = 9F43F40B1428DCB7003093A8 /* DCDarkClockViewController.m */; };
		9F43F4141428DCB7003093A8 /* DCDarkClockViewController.xib in Resources */ = {isa = PBXBuildFile; fileRef = 9F43F40C1428DCB7003093A8 /* DCDarkClockViewController.xib */; };
		9F43F4151428DCB7003093A8 /* DCClockState.m in Sources */ = {isa = PBXBuildFile; fileRef = 9F43F40E1428DCB7003093A8 /* DCClockState.m */; };
		9F43F4161428DCB7003093A8 /* DCClockConstants.m in Sources */ = {isa = PBXBuildFile; fileRef = 9F43F4101428DCB7003093A8 /* DCClockConstants.m */; };
		9F43F4301428DEE5003093A8 /* DCDarkClockViewController_iPhone.m in Sources */ = {isa = PBXBuildFile; fileRef = 9F43F42E1428DEE5003093A8 /* DCDarkClockViewController_iPhone.m */; };
		9F43F4311428DEE5003093A8 /* DCDarkClockViewController_iPhone.xib in Resources */ = {isa = PBXBuildFile; fileRef = 9F43F42F1428DEE5003093A8 /* DCDarkClockViewController_iPhone.xib */; };
		9F43F4351428DF02003093A8 /* DCDarkClockViewController_iPad.m in Sources */ = {isa = PBXBuildFile; fileRef = 9F43F4331428DF02003093A8 /* DCDarkClockViewController_iPad.m */; };
		9F43F4361428DF02003093A8 /* DCDarkClockViewController_iPad.xib in Resources */ = {isa = PBXBuildFile; fileRef = 9F43F4341428DF02003093A8 /* DCDarkClockViewController_iPad.xib */; };
		9F50656C14FC7C3B00EA2EA9 /* fontData.plist in Resources */ = {isa = PBXBuildFile; fileRef = 9F50656B14FC7C3B00EA2EA9 /* fontData.plist */; };
		9F50657014FC805F00EA2EA9 /* DCIFontManager.m in Sources */ = {isa = PBXBuildFile; fileRef = 9F50656F14FC805F00EA2EA9 /* DCIFontManager.m */; };
		9F50657414FC827B00EA2EA9 /* DCIFont.m in Sources */ = {isa = PBXBuildFile; fileRef = 9F50657314FC827B00EA2EA9 /* DCIFont.m */; };
		9F59DA9B142D75100020A795 /* DCSettingsTableViewController.m in Sources */ = {isa = PBXBuildFile; fileRef = 9F59DA99142D750F0020A795 /* DCSettingsTableViewController.m */; };
		9F59DA9C142D75100020A795 /* DCSettingsTableViewController.xib in Resources */ = {isa = PBXBuildFile; fileRef = 9F59DA9A142D750F0020A795 /* DCSettingsTableViewController.xib */; };
		9F59DAE8142E5E6C0020A795 /* DCFontSelectTableViewController.m in Sources */ = {isa = PBXBuildFile; fileRef = 9F59DAE6142E5E6B0020A795 /* DCFontSelectTableViewController.m */; };
		9F59DAE9142E5E6C0020A795 /* DCFontSelectTableViewController.xib in Resources */ = {isa = PBXBuildFile; fileRef = 9F59DAE7142E5E6B0020A795 /* DCFontSelectTableViewController.xib */; };
		9F67124815503BFA0022DB09 /* settings.png in Resources */ = {isa = PBXBuildFile; fileRef = 9F67124615503BFA0022DB09 /* settings.png */; };
		9F67124915503BFA0022DB09 /* settings@2x.png in Resources */ = {isa = PBXBuildFile; fileRef = 9F67124715503BFA0022DB09 /* settings@2x.png */; };
		9F67125215503EEE0022DB09 /* DCIWelcomeViewController.m in Sources */ = {isa = PBXBuildFile; fileRef = 9F67125015503EEE0022DB09 /* DCIWelcomeViewController.m */; };
		9F67125315503EEE0022DB09 /* DCIWelcomeViewController.xib in Resources */ = {isa = PBXBuildFile; fileRef = 9F67125115503EEE0022DB09 /* DCIWelcomeViewController.xib */; };
		9F6712551550423B0022DB09 /* ChangeLog.txt in Resources */ = {isa = PBXBuildFile; fileRef = 9F6712541550423B0022DB09 /* ChangeLog.txt */; };
		9F7D215F143F53550024617C /* fontNames.plist in Resources */ = {isa = PBXBuildFile; fileRef = 9F7D215E143F53550024617C /* fontNames.plist */; };
		9F89BB261434B523007655C9 /* Entitlements.plist in Resources */ = {isa = PBXBuildFile; fileRef = 9F89BB251434B523007655C9 /* Entitlements.plist */; };
		9F89BB941436B0B7007655C9 /* QuartzCore.framework in Frameworks */ = {isa = PBXBuildFile; fileRef = 9F89BB931436B0B7007655C9 /* QuartzCore.framework */; };
		9F8E45111517AD6C00543A3A /* Default-ipad-Landscape.png in Resources */ = {isa = PBXBuildFile; fileRef = 9F8E450D1517AD6C00543A3A /* Default-ipad-Landscape.png */; };
		9F8E45121517AD6C00543A3A /* Default-ipad-Portrait.png in Resources */ = {isa = PBXBuildFile; fileRef = 9F8E450E1517AD6C00543A3A /* Default-ipad-Portrait.png */; };
		9F8E45131517AD6C00543A3A /* Default-iphone.png in Resources */ = {isa = PBXBuildFile; fileRef = 9F8E450F1517AD6C00543A3A /* Default-iphone.png */; };
		9F8E45141517AD6C00543A3A /* Default-iphone@2x.png in Resources */ = {isa = PBXBuildFile; fileRef = 9F8E45101517AD6C00543A3A /* Default-iphone@2x.png */; };
		9F8E45171517AF1500543A3A /* Default-ipad-Landscape@2x.png in Resources */ = {isa = PBXBuildFile; fileRef = 9F8E45151517AF1500543A3A /* Default-ipad-Landscape@2x.png */; };
		9F8E45181517AF1500543A3A /* Default-ipad-Portrait@2x.png in Resources */ = {isa = PBXBuildFile; fileRef = 9F8E45161517AF1500543A3A /* Default-ipad-Portrait@2x.png */; };
		9FB4A5C51448EDCD00E1E754 /* Icon-72.png in Resources */ = {isa = PBXBuildFile; fileRef = 9FB4A5BF1448EDCC00E1E754 /* Icon-72.png */; };
		9FB4A5C61448EDCD00E1E754 /* Icon-Small-50.png in Resources */ = {isa = PBXBuildFile; fileRef = 9FB4A5C01448EDCC00E1E754 /* Icon-Small-50.png */; };
		9FB4A5C71448EDCD00E1E754 /* Icon-Small.png in Resources */ = {isa = PBXBuildFile; fileRef = 9FB4A5C11448EDCC00E1E754 /* Icon-Small.png */; };
		9FB4A5C81448EDCD00E1E754 /* Icon-Small@2x.png in Resources */ = {isa = PBXBuildFile; fileRef = 9FB4A5C21448EDCC00E1E754 /* Icon-Small@2x.png */; };
		9FB4A5C91448EDCD00E1E754 /* Icon.png in Resources */ = {isa = PBXBuildFile; fileRef = 9FB4A5C31448EDCC00E1E754 /* Icon.png */; };
		9FB4A5CA1448EDCD00E1E754 /* Icon@2x.png in Resources */ = {isa = PBXBuildFile; fileRef = 9FB4A5C41448EDCC00E1E754 /* Icon@2x.png */; };
		9FC9655B1516858300D15754 /* DCIDashedDividerView.m in Sources */ = {isa = PBXBuildFile; fileRef = 9FC9655A1516858300D15754 /* DCIDashedDividerView.m */; };
		9FDBC2D41516E77200207EAA /* brightness-bright.png in Resources */ = {isa = PBXBuildFile; fileRef = 9FDBC2D01516E77200207EAA /* brightness-bright.png */; };
		9FDBC2D51516E77200207EAA /* brightness-bright@2x.png in Resources */ = {isa = PBXBuildFile; fileRef = 9FDBC2D11516E77200207EAA /* brightness-bright@2x.png */; };
		9FDBC2D61516E77200207EAA /* brightness-dim.png in Resources */ = {isa = PBXBuildFile; fileRef = 9FDBC2D21516E77200207EAA /* brightness-dim.png */; };
		9FDBC2D71516E77200207EAA /* brightness-dim@2x.png in Resources */ = {isa = PBXBuildFile; fileRef = 9FDBC2D31516E77200207EAA /* brightness-dim@2x.png */; };
		9FF88B6914F85E7B00361E25 /* CoreText.framework in Frameworks */ = {isa = PBXBuildFile; fileRef = 9FF88B6814F85E7B00361E25 /* CoreText.framework */; };
		9FF89EB014312325002DA909 /* DCInfoViewController.m in Sources */ = {isa = PBXBuildFile; fileRef = 9FF89EAF14312325002DA909 /* DCInfoViewController.m */; };
/* End PBXBuildFile section */

/* Begin PBXFileReference section */
		9F0F8C721433791E003B2BAB /* Info */ = {isa = PBXFileReference; lastKnownFileType = folder; path = Info; sourceTree = "<group>"; };
		9F43F3E01428DC58003093A8 /* DarkTime.app */ = {isa = PBXFileReference; explicitFileType = wrapper.application; includeInIndex = 0; path = DarkTime.app; sourceTree = BUILT_PRODUCTS_DIR; };
		9F43F3E41428DC58003093A8 /* UIKit.framework */ = {isa = PBXFileReference; lastKnownFileType = wrapper.framework; name = UIKit.framework; path = System/Library/Frameworks/UIKit.framework; sourceTree = SDKROOT; };
		9F43F3E61428DC58003093A8 /* Foundation.framework */ = {isa = PBXFileReference; lastKnownFileType = wrapper.framework; name = Foundation.framework; path = System/Library/Frameworks/Foundation.framework; sourceTree = SDKROOT; };
		9F43F3E81428DC58003093A8 /* CoreGraphics.framework */ = {isa = PBXFileReference; lastKnownFileType = wrapper.framework; name = CoreGraphics.framework; path = System/Library/Frameworks/CoreGraphics.framework; sourceTree = SDKROOT; };
		9F43F3EC1428DC58003093A8 /* DarkTime-Info.plist */ = {isa = PBXFileReference; lastKnownFileType = text.plist.xml; path = "DarkTime-Info.plist"; sourceTree = "<group>"; };
		9F43F3EE1428DC58003093A8 /* en */ = {isa = PBXFileReference; lastKnownFileType = text.plist.strings; name = en; path = en.lproj/InfoPlist.strings; sourceTree = "<group>"; };
		9F43F3F01428DC58003093A8 /* main.m */ = {isa = PBXFileReference; lastKnownFileType = sourcecode.c.objc; path = main.m; sourceTree = "<group>"; };
		9F43F3F21428DC58003093A8 /* DarkTime-Prefix.pch */ = {isa = PBXFileReference; lastKnownFileType = sourcecode.c.h; path = "DarkTime-Prefix.pch"; sourceTree = "<group>"; };
		9F43F3F31428DC58003093A8 /* DarkTimeAppDelegate.h */ = {isa = PBXFileReference; lastKnownFileType = sourcecode.c.h; path = DarkTimeAppDelegate.h; sourceTree = "<group>"; };
		9F43F3F41428DC58003093A8 /* DarkTimeAppDelegate.m */ = {isa = PBXFileReference; lastKnownFileType = sourcecode.c.objc; path = DarkTimeAppDelegate.m; sourceTree = "<group>"; };
		9F43F3F71428DC58003093A8 /* DarkTimeAppDelegate_iPhone.h */ = {isa = PBXFileReference; lastKnownFileType = sourcecode.c.h; name = DarkTimeAppDelegate_iPhone.h; path = iPhone/DarkTimeAppDelegate_iPhone.h; sourceTree = "<group>"; };
		9F43F3F81428DC58003093A8 /* DarkTimeAppDelegate_iPhone.m */ = {isa = PBXFileReference; lastKnownFileType = sourcecode.c.objc; name = DarkTimeAppDelegate_iPhone.m; path = iPhone/DarkTimeAppDelegate_iPhone.m; sourceTree = "<group>"; };
		9F43F3FE1428DC58003093A8 /* DarkTimeAppDelegate_iPad.h */ = {isa = PBXFileReference; lastKnownFileType = sourcecode.c.h; name = DarkTimeAppDelegate_iPad.h; path = iPad/DarkTimeAppDelegate_iPad.h; sourceTree = "<group>"; };
		9F43F3FF1428DC58003093A8 /* DarkTimeAppDelegate_iPad.m */ = {isa = PBXFileReference; lastKnownFileType = sourcecode.c.objc; name = DarkTimeAppDelegate_iPad.m; path = iPad/DarkTimeAppDelegate_iPad.m; sourceTree = "<group>"; };
		9F43F40A1428DCB7003093A8 /* DCDarkClockViewController.h */ = {isa = PBXFileReference; fileEncoding = 4; lastKnownFileType = sourcecode.c.h; path = DCDarkClockViewController.h; sourceTree = "<group>"; };
		9F43F40B1428DCB7003093A8 /* DCDarkClockViewController.m */ = {isa = PBXFileReference; fileEncoding = 4; lastKnownFileType = sourcecode.c.objc; path = DCDarkClockViewController.m; sourceTree = "<group>"; };
		9F43F40C1428DCB7003093A8 /* DCDarkClockViewController.xib */ = {isa = PBXFileReference; fileEncoding = 4; lastKnownFileType = file.xib; path = DCDarkClockViewController.xib; sourceTree = "<group>"; };
		9F43F40D1428DCB7003093A8 /* DCClockState.h */ = {isa = PBXFileReference; fileEncoding = 4; lastKnownFileType = sourcecode.c.h; path = DCClockState.h; sourceTree = "<group>"; };
		9F43F40E1428DCB7003093A8 /* DCClockState.m */ = {isa = PBXFileReference; fileEncoding = 4; lastKnownFileType = sourcecode.c.objc; path = DCClockState.m; sourceTree = "<group>"; };
		9F43F40F1428DCB7003093A8 /* DCClockConstants.h */ = {isa = PBXFileReference; fileEncoding = 4; lastKnownFileType = sourcecode.c.h; path = DCClockConstants.h; sourceTree = "<group>"; };
		9F43F4101428DCB7003093A8 /* DCClockConstants.m */ = {isa = PBXFileReference; fileEncoding = 4; lastKnownFileType = sourcecode.c.objc; path = DCClockConstants.m; sourceTree = "<group>"; };
		9F43F42D1428DEE5003093A8 /* DCDarkClockViewController_iPhone.h */ = {isa = PBXFileReference; fileEncoding = 4; lastKnownFileType = sourcecode.c.h; path = DCDarkClockViewController_iPhone.h; sourceTree = "<group>"; };
		9F43F42E1428DEE5003093A8 /* DCDarkClockViewController_iPhone.m */ = {isa = PBXFileReference; fileEncoding = 4; lastKnownFileType = sourcecode.c.objc; path = DCDarkClockViewController_iPhone.m; sourceTree = "<group>"; };
		9F43F42F1428DEE5003093A8 /* DCDarkClockViewController_iPhone.xib */ = {isa = PBXFileReference; fileEncoding = 4; lastKnownFileType = file.xib; path = DCDarkClockViewController_iPhone.xib; sourceTree = "<group>"; };
		9F43F4321428DF02003093A8 /* DCDarkClockViewController_iPad.h */ = {isa = PBXFileReference; fileEncoding = 4; lastKnownFileType = sourcecode.c.h; path = DCDarkClockViewController_iPad.h; sourceTree = "<group>"; };
		9F43F4331428DF02003093A8 /* DCDarkClockViewController_iPad.m */ = {isa = PBXFileReference; fileEncoding = 4; lastKnownFileType = sourcecode.c.objc; path = DCDarkClockViewController_iPad.m; sourceTree = "<group>"; };
		9F43F4341428DF02003093A8 /* DCDarkClockViewController_iPad.xib */ = {isa = PBXFileReference; fileEncoding = 4; lastKnownFileType = file.xib; path = DCDarkClockViewController_iPad.xib; sourceTree = "<group>"; };
		9F50656B14FC7C3B00EA2EA9 /* fontData.plist */ = {isa = PBXFileReference; fileEncoding = 4; lastKnownFileType = text.plist.xml; path = fontData.plist; sourceTree = "<group>"; };
		9F50656E14FC805F00EA2EA9 /* DCIFontManager.h */ = {isa = PBXFileReference; fileEncoding = 4; lastKnownFileType = sourcecode.c.h; path = DCIFontManager.h; sourceTree = "<group>"; };
		9F50656F14FC805F00EA2EA9 /* DCIFontManager.m */ = {isa = PBXFileReference; fileEncoding = 4; lastKnownFileType = sourcecode.c.objc; path = DCIFontManager.m; sourceTree = "<group>"; };
		9F50657214FC827B00EA2EA9 /* DCIFont.h */ = {isa = PBXFileReference; fileEncoding = 4; lastKnownFileType = sourcecode.c.h; path = DCIFont.h; sourceTree = "<group>"; };
		9F50657314FC827B00EA2EA9 /* DCIFont.m */ = {isa = PBXFileReference; fileEncoding = 4; lastKnownFileType = sourcecode.c.objc; path = DCIFont.m; sourceTree = "<group>"; };
		9F59DA98142D750F0020A795 /* DCSettingsTableViewController.h */ = {isa = PBXFileReference; fileEncoding = 4; lastKnownFileType = sourcecode.c.h; path = DCSettingsTableViewController.h; sourceTree = "<group>"; };
		9F59DA99142D750F0020A795 /* DCSettingsTableViewController.m */ = {isa = PBXFileReference; fileEncoding = 4; lastKnownFileType = sourcecode.c.objc; path = DCSettingsTableViewController.m; sourceTree = "<group>"; };
		9F59DA9A142D750F0020A795 /* DCSettingsTableViewController.xib */ = {isa = PBXFileReference; fileEncoding = 4; lastKnownFileType = file.xib; path = DCSettingsTableViewController.xib; sourceTree = "<group>"; };
		9F59DAE5142E5E6B0020A795 /* DCFontSelectTableViewController.h */ = {isa = PBXFileReference; fileEncoding = 4; lastKnownFileType = sourcecode.c.h; path = DCFontSelectTableViewController.h; sourceTree = "<group>"; };
		9F59DAE6142E5E6B0020A795 /* DCFontSelectTableViewController.m */ = {isa = PBXFileReference; fileEncoding = 4; lastKnownFileType = sourcecode.c.objc; path = DCFontSelectTableViewController.m; sourceTree = "<group>"; };
		9F59DAE7142E5E6B0020A795 /* DCFontSelectTableViewController.xib */ = {isa = PBXFileReference; fileEncoding = 4; lastKnownFileType = file.xib; path = DCFontSelectTableViewController.xib; sourceTree = "<group>"; };
		9F67124615503BFA0022DB09 /* settings.png */ = {isa = PBXFileReference; lastKnownFileType = image.png; path = settings.png; sourceTree = "<group>"; };
		9F67124715503BFA0022DB09 /* settings@2x.png */ = {isa = PBXFileReference; lastKnownFileType = image.png; path = "settings@2x.png"; sourceTree = "<group>"; };
		9F67124F15503EEE0022DB09 /* DCIWelcomeViewController.h */ = {isa = PBXFileReference; fileEncoding = 4; lastKnownFileType = sourcecode.c.h; path = DCIWelcomeViewController.h; sourceTree = "<group>"; };
		9F67125015503EEE0022DB09 /* DCIWelcomeViewController.m */ = {isa = PBXFileReference; fileEncoding = 4; lastKnownFileType = sourcecode.c.objc; path = DCIWelcomeViewController.m; sourceTree = "<group>"; };
		9F67125115503EEE0022DB09 /* DCIWelcomeViewController.xib */ = {isa = PBXFileReference; fileEncoding = 4; lastKnownFileType = file.xib; path = DCIWelcomeViewController.xib; sourceTree = "<group>"; };
		9F6712541550423B0022DB09 /* ChangeLog.txt */ = {isa = PBXFileReference; fileEncoding = 4; lastKnownFileType = text; path = ChangeLog.txt; sourceTree = "<group>"; };
		9F7D215E143F53550024617C /* fontNames.plist */ = {isa = PBXFileReference; fileEncoding = 4; lastKnownFileType = text.plist.xml; path = fontNames.plist; sourceTree = "<group>"; };
		9F89BB251434B523007655C9 /* Entitlements.plist */ = {isa = PBXFileReference; fileEncoding = 4; lastKnownFileType = text.plist.xml; path = Entitlements.plist; sourceTree = "<group>"; };
		9F89BB931436B0B7007655C9 /* QuartzCore.framework */ = {isa = PBXFileReference; lastKnownFileType = wrapper.framework; name = QuartzCore.framework; path = System/Library/Frameworks/QuartzCore.framework; sourceTree = SDKROOT; };
		9F8E450D1517AD6C00543A3A /* Default-ipad-Landscape.png */ = {isa = PBXFileReference; lastKnownFileType = image.png; path = "Default-ipad-Landscape.png"; sourceTree = "<group>"; };
		9F8E450E1517AD6C00543A3A /* Default-ipad-Portrait.png */ = {isa = PBXFileReference; lastKnownFileType = image.png; path = "Default-ipad-Portrait.png"; sourceTree = "<group>"; };
		9F8E450F1517AD6C00543A3A /* Default-iphone.png */ = {isa = PBXFileReference; lastKnownFileType = image.png; path = "Default-iphone.png"; sourceTree = "<group>"; };
		9F8E45101517AD6C00543A3A /* Default-iphone@2x.png */ = {isa = PBXFileReference; lastKnownFileType = image.png; path = "Default-iphone@2x.png"; sourceTree = "<group>"; };
		9F8E45151517AF1500543A3A /* Default-ipad-Landscape@2x.png */ = {isa = PBXFileReference; lastKnownFileType = image.png; path = "Default-ipad-Landscape@2x.png"; sourceTree = "<group>"; };
		9F8E45161517AF1500543A3A /* Default-ipad-Portrait@2x.png */ = {isa = PBXFileReference; lastKnownFileType = image.png; path = "Default-ipad-Portrait@2x.png"; sourceTree = "<group>"; };
		9FB4A5BF1448EDCC00E1E754 /* Icon-72.png */ = {isa = PBXFileReference; lastKnownFileType = image.png; path = "Icon-72.png"; sourceTree = "<group>"; };
		9FB4A5C01448EDCC00E1E754 /* Icon-Small-50.png */ = {isa = PBXFileReference; lastKnownFileType = image.png; path = "Icon-Small-50.png"; sourceTree = "<group>"; };
		9FB4A5C11448EDCC00E1E754 /* Icon-Small.png */ = {isa = PBXFileReference; lastKnownFileType = image.png; path = "Icon-Small.png"; sourceTree = "<group>"; };
		9FB4A5C21448EDCC00E1E754 /* Icon-Small@2x.png */ = {isa = PBXFileReference; lastKnownFileType = image.png; path = "Icon-Small@2x.png"; sourceTree = "<group>"; };
		9FB4A5C31448EDCC00E1E754 /* Icon.png */ = {isa = PBXFileReference; lastKnownFileType = image.png; path = Icon.png; sourceTree = "<group>"; };
		9FB4A5C41448EDCC00E1E754 /* Icon@2x.png */ = {isa = PBXFileReference; lastKnownFileType = image.png; path = "Icon@2x.png"; sourceTree = "<group>"; };
		9FC965591516858300D15754 /* DCIDashedDividerView.h */ = {isa = PBXFileReference; fileEncoding = 4; lastKnownFileType = sourcecode.c.h; path = DCIDashedDividerView.h; sourceTree = "<group>"; };
		9FC9655A1516858300D15754 /* DCIDashedDividerView.m */ = {isa = PBXFileReference; fileEncoding = 4; lastKnownFileType = sourcecode.c.objc; path = DCIDashedDividerView.m; sourceTree = "<group>"; };
		9FDBC2D01516E77200207EAA /* brightness-bright.png */ = {isa = PBXFileReference; lastKnownFileType = image.png; path = "brightness-bright.png"; sourceTree = "<group>"; };
		9FDBC2D11516E77200207EAA /* brightness-bright@2x.png */ = {isa = PBXFileReference; lastKnownFileType = image.png; path = "brightness-bright@2x.png"; sourceTree = "<group>"; };
		9FDBC2D21516E77200207EAA /* brightness-dim.png */ = {isa = PBXFileReference; lastKnownFileType = image.png; path = "brightness-dim.png"; sourceTree = "<group>"; };
		9FDBC2D31516E77200207EAA /* brightness-dim@2x.png */ = {isa = PBXFileReference; lastKnownFileType = image.png; path = "brightness-dim@2x.png"; sourceTree = "<group>"; };
		9FF88B6814F85E7B00361E25 /* CoreText.framework */ = {isa = PBXFileReference; lastKnownFileType = wrapper.framework; name = CoreText.framework; path = System/Library/Frameworks/CoreText.framework; sourceTree = SDKROOT; };
		9FF89EAE14312325002DA909 /* DCInfoViewController.h */ = {isa = PBXFileReference; fileEncoding = 4; lastKnownFileType = sourcecode.c.h; path = DCInfoViewController.h; sourceTree = "<group>"; };
		9FF89EAF14312325002DA909 /* DCInfoViewController.m */ = {isa = PBXFileReference; fileEncoding = 4; lastKnownFileType = sourcecode.c.objc; path = DCInfoViewController.m; sourceTree = "<group>"; };
/* End PBXFileReference section */

/* Begin PBXFrameworksBuildPhase section */
		9F43F3DD1428DC58003093A8 /* Frameworks */ = {
			isa = PBXFrameworksBuildPhase;
			buildActionMask = 2147483647;
			files = (
				9FF88B6914F85E7B00361E25 /* CoreText.framework in Frameworks */,
				9F89BB941436B0B7007655C9 /* QuartzCore.framework in Frameworks */,
				9F43F3E51428DC58003093A8 /* UIKit.framework in Frameworks */,
				9F43F3E71428DC58003093A8 /* Foundation.framework in Frameworks */,
				9F43F3E91428DC58003093A8 /* CoreGraphics.framework in Frameworks */,
			);
			runOnlyForDeploymentPostprocessing = 0;
		};
/* End PBXFrameworksBuildPhase section */

/* Begin PBXGroup section */
		9F43F3D51428DC58003093A8 = {
			isa = PBXGroup;
			children = (
				9FF88B6814F85E7B00361E25 /* CoreText.framework */,
				9F89BB251434B523007655C9 /* Entitlements.plist */,
				9F43F3EA1428DC58003093A8 /* DarkTime */,
				9F43F3E31428DC58003093A8 /* Frameworks */,
				9F43F3E11428DC58003093A8 /* Products */,
			);
			sourceTree = "<group>";
		};
		9F43F3E11428DC58003093A8 /* Products */ = {
			isa = PBXGroup;
			children = (
				9F43F3E01428DC58003093A8 /* DarkTime.app */,
			);
			name = Products;
			sourceTree = "<group>";
		};
		9F43F3E31428DC58003093A8 /* Frameworks */ = {
			isa = PBXGroup;
			children = (
				9F89BB931436B0B7007655C9 /* QuartzCore.framework */,
				9F43F3E41428DC58003093A8 /* UIKit.framework */,
				9F43F3E61428DC58003093A8 /* Foundation.framework */,
				9F43F3E81428DC58003093A8 /* CoreGraphics.framework */,
			);
			name = Frameworks;
			sourceTree = "<group>";
		};
		9F43F3EA1428DC58003093A8 /* DarkTime */ = {
			isa = PBXGroup;
			children = (
				9F43F3F31428DC58003093A8 /* DarkTimeAppDelegate.h */,
				9F43F3F41428DC58003093A8 /* DarkTimeAppDelegate.m */,
				9F43F4091428DC92003093A8 /* Clock Classes */,
				9F43F3F61428DC58003093A8 /* iPhone */,
				9F43F3FD1428DC58003093A8 /* iPad */,
				9F43F3EB1428DC58003093A8 /* Supporting Files */,
			);
			path = DarkTime;
			sourceTree = "<group>";
		};
		9F43F3EB1428DC58003093A8 /* Supporting Files */ = {
			isa = PBXGroup;
			children = (
				9F0F8C721433791E003B2BAB /* Info */,
				9F43F4261428DD08003093A8 /* Images */,
				9FB4A5BF1448EDCC00E1E754 /* Icon-72.png */,
				9FB4A5C01448EDCC00E1E754 /* Icon-Small-50.png */,
				9FB4A5C11448EDCC00E1E754 /* Icon-Small.png */,
				9FB4A5C21448EDCC00E1E754 /* Icon-Small@2x.png */,
				9FB4A5C31448EDCC00E1E754 /* Icon.png */,
				9FB4A5C41448EDCC00E1E754 /* Icon@2x.png */,
				9F8E450D1517AD6C00543A3A /* Default-ipad-Landscape.png */,
				9F8E450E1517AD6C00543A3A /* Default-ipad-Portrait.png */,
				9F8E450F1517AD6C00543A3A /* Default-iphone.png */,
				9F8E45101517AD6C00543A3A /* Default-iphone@2x.png */,
				9F8E45151517AF1500543A3A /* Default-ipad-Landscape@2x.png */,
				9F8E45161517AF1500543A3A /* Default-ipad-Portrait@2x.png */,
				9F43F3EC1428DC58003093A8 /* DarkTime-Info.plist */,
				9F43F3ED1428DC58003093A8 /* InfoPlist.strings */,
				9F43F3F01428DC58003093A8 /* main.m */,
				9F7D215E143F53550024617C /* fontNames.plist */,
				9F50656B14FC7C3B00EA2EA9 /* fontData.plist */,
				9F6712541550423B0022DB09 /* ChangeLog.txt */,
				9F43F3F21428DC58003093A8 /* DarkTime-Prefix.pch */,
			);
			name = "Supporting Files";
			sourceTree = "<group>";
		};
		9F43F3F61428DC58003093A8 /* iPhone */ = {
			isa = PBXGroup;
			children = (
				9F43F3F71428DC58003093A8 /* DarkTimeAppDelegate_iPhone.h */,
				9F43F3F81428DC58003093A8 /* DarkTimeAppDelegate_iPhone.m */,
			);
			name = iPhone;
			sourceTree = "<group>";
		};
		9F43F3FD1428DC58003093A8 /* iPad */ = {
			isa = PBXGroup;
			children = (
				9F43F3FE1428DC58003093A8 /* DarkTimeAppDelegate_iPad.h */,
				9F43F3FF1428DC58003093A8 /* DarkTimeAppDelegate_iPad.m */,
			);
			name = iPad;
			sourceTree = "<group>";
		};
		9F43F4091428DC92003093A8 /* Clock Classes */ = {
			isa = PBXGroup;
			children = (
				9FF89EAD1431230F002DA909 /* Info Controller */,
				9F43F42C1428DEAA003093A8 /* iPad */,
				9F43F42B1428DE9D003093A8 /* iPhone */,
				9F43F40A1428DCB7003093A8 /* DCDarkClockViewController.h */,
				9F43F40B1428DCB7003093A8 /* DCDarkClockViewController.m */,
				9F43F40C1428DCB7003093A8 /* DCDarkClockViewController.xib */,
				9F43F40D1428DCB7003093A8 /* DCClockState.h */,
				9F43F40E1428DCB7003093A8 /* DCClockState.m */,
				9F43F40F1428DCB7003093A8 /* DCClockConstants.h */,
				9F43F4101428DCB7003093A8 /* DCClockConstants.m */,
				9F50657114FC81B400EA2EA9 /* Fonts */,
				9F59DA98142D750F0020A795 /* DCSettingsTableViewController.h */,
				9F59DA99142D750F0020A795 /* DCSettingsTableViewController.m */,
				9F59DA9A142D750F0020A795 /* DCSettingsTableViewController.xib */,
				9F59DAE5142E5E6B0020A795 /* DCFontSelectTableViewController.h */,
				9F59DAE6142E5E6B0020A795 /* DCFontSelectTableViewController.m */,
				9F59DAE7142E5E6B0020A795 /* DCFontSelectTableViewController.xib */,
				9FC965591516858300D15754 /* DCIDashedDividerView.h */,
				9FC9655A1516858300D15754 /* DCIDashedDividerView.m */,
				9F67124F15503EEE0022DB09 /* DCIWelcomeViewController.h */,
				9F67125015503EEE0022DB09 /* DCIWelcomeViewController.m */,
				9F67125115503EEE0022DB09 /* DCIWelcomeViewController.xib */,
			);
			name = "Clock Classes";
			sourceTree = "<group>";
		};
		9F43F4261428DD08003093A8 /* Images */ = {
			isa = PBXGroup;
			children = (
				9FDBC2D01516E77200207EAA /* brightness-bright.png */,
				9FDBC2D11516E77200207EAA /* brightness-bright@2x.png */,
				9FDBC2D21516E77200207EAA /* brightness-dim.png */,
				9FDBC2D31516E77200207EAA /* brightness-dim@2x.png */,
				9F67124615503BFA0022DB09 /* settings.png */,
				9F67124715503BFA0022DB09 /* settings@2x.png */,
			);
			name = Images;
			sourceTree = "<group>";
		};
		9F43F42B1428DE9D003093A8 /* iPhone */ = {
			isa = PBXGroup;
			children = (
				9F43F42D1428DEE5003093A8 /* DCDarkClockViewController_iPhone.h */,
				9F43F42E1428DEE5003093A8 /* DCDarkClockViewController_iPhone.m */,
				9F43F42F1428DEE5003093A8 /* DCDarkClockViewController_iPhone.xib */,
			);
			name = iPhone;
			sourceTree = "<group>";
		};
		9F43F42C1428DEAA003093A8 /* iPad */ = {
			isa = PBXGroup;
			children = (
				9F43F4321428DF02003093A8 /* DCDarkClockViewController_iPad.h */,
				9F43F4331428DF02003093A8 /* DCDarkClockViewController_iPad.m */,
				9F43F4341428DF02003093A8 /* DCDarkClockViewController_iPad.xib */,
			);
			name = iPad;
			sourceTree = "<group>";
		};
		9F50657114FC81B400EA2EA9 /* Fonts */ = {
			isa = PBXGroup;
			children = (
				9F50656E14FC805F00EA2EA9 /* DCIFontManager.h */,
				9F50656F14FC805F00EA2EA9 /* DCIFontManager.m */,
				9F50657214FC827B00EA2EA9 /* DCIFont.h */,
				9F50657314FC827B00EA2EA9 /* DCIFont.m */,
			);
			name = Fonts;
			sourceTree = "<group>";
		};
		9FF89EAD1431230F002DA909 /* Info Controller */ = {
			isa = PBXGroup;
			children = (
				9FF89EAE14312325002DA909 /* DCInfoViewController.h */,
				9FF89EAF14312325002DA909 /* DCInfoViewController.m */,
			);
			name = "Info Controller";
			sourceTree = "<group>";
		};
/* End PBXGroup section */

/* Begin PBXNativeTarget section */
		9F43F3DF1428DC58003093A8 /* DarkTime */ = {
			isa = PBXNativeTarget;
			buildConfigurationList = 9F43F4061428DC58003093A8 /* Build configuration list for PBXNativeTarget "DarkTime" */;
			buildPhases = (
				9F43F3DC1428DC58003093A8 /* Sources */,
				9F43F3DD1428DC58003093A8 /* Frameworks */,
				9F43F3DE1428DC58003093A8 /* Resources */,
			);
			buildRules = (
			);
			dependencies = (
			);
			name = DarkTime;
			productName = DarkTime;
			productReference = 9F43F3E01428DC58003093A8 /* DarkTime.app */;
			productType = "com.apple.product-type.application";
		};
/* End PBXNativeTarget section */

/* Begin PBXProject section */
		9F43F3D71428DC58003093A8 /* Project object */ = {
			isa = PBXProject;
			attributes = {
				LastUpgradeCheck = 0440;
				ORGANIZATIONNAME = "Madison Area Technical College";
			};
			buildConfigurationList = 9F43F3DA1428DC58003093A8 /* Build configuration list for PBXProject "DarkTime" */;
			compatibilityVersion = "Xcode 3.2";
			developmentRegion = English;
			hasScannedForEncodings = 0;
			knownRegions = (
				en,
			);
			mainGroup = 9F43F3D51428DC58003093A8;
			productRefGroup = 9F43F3E11428DC58003093A8 /* Products */;
			projectDirPath = "";
			projectRoot = "";
			targets = (
				9F43F3DF1428DC58003093A8 /* DarkTime */,
			);
		};
/* End PBXProject section */

/* Begin PBXResourcesBuildPhase section */
		9F43F3DE1428DC58003093A8 /* Resources */ = {
			isa = PBXResourcesBuildPhase;
			buildActionMask = 2147483647;
			files = (
				9F43F3EF1428DC58003093A8 /* InfoPlist.strings in Resources */,
				9F43F4141428DCB7003093A8 /* DCDarkClockViewController.xib in Resources */,
				9F43F4311428DEE5003093A8 /* DCDarkClockViewController_iPhone.xib in Resources */,
				9F43F4361428DF02003093A8 /* DCDarkClockViewController_iPad.xib in Resources */,
				9F59DA9C142D75100020A795 /* DCSettingsTableViewController.xib in Resources */,
				9F59DAE9142E5E6C0020A795 /* DCFontSelectTableViewController.xib in Resources */,
				9F0F8C731433791E003B2BAB /* Info in Resources */,
				9F89BB261434B523007655C9 /* Entitlements.plist in Resources */,
				9F7D215F143F53550024617C /* fontNames.plist in Resources */,
				9FB4A5C51448EDCD00E1E754 /* Icon-72.png in Resources */,
				9FB4A5C61448EDCD00E1E754 /* Icon-Small-50.png in Resources */,
				9FB4A5C71448EDCD00E1E754 /* Icon-Small.png in Resources */,
				9FB4A5C81448EDCD00E1E754 /* Icon-Small@2x.png in Resources */,
				9FB4A5C91448EDCD00E1E754 /* Icon.png in Resources */,
				9FB4A5CA1448EDCD00E1E754 /* Icon@2x.png in Resources */,
				9F50656C14FC7C3B00EA2EA9 /* fontData.plist in Resources */,
				9FDBC2D41516E77200207EAA /* brightness-bright.png in Resources */,
				9FDBC2D51516E77200207EAA /* brightness-bright@2x.png in Resources */,
				9FDBC2D61516E77200207EAA /* brightness-dim.png in Resources */,
				9FDBC2D71516E77200207EAA /* brightness-dim@2x.png in Resources */,
				9F8E45111517AD6C00543A3A /* Default-ipad-Landscape.png in Resources */,
				9F8E45121517AD6C00543A3A /* Default-ipad-Portrait.png in Resources */,
				9F8E45131517AD6C00543A3A /* Default-iphone.png in Resources */,
				9F8E45141517AD6C00543A3A /* Default-iphone@2x.png in Resources */,
				9F8E45171517AF1500543A3A /* Default-ipad-Landscape@2x.png in Resources */,
				9F8E45181517AF1500543A3A /* Default-ipad-Portrait@2x.png in Resources */,
				9F67124815503BFA0022DB09 /* settings.png in Resources */,
				9F67124915503BFA0022DB09 /* settings@2x.png in Resources */,
				9F67125315503EEE0022DB09 /* DCIWelcomeViewController.xib in Resources */,
				9F6712551550423B0022DB09 /* ChangeLog.txt in Resources */,
			);
			runOnlyForDeploymentPostprocessing = 0;
		};
/* End PBXResourcesBuildPhase section */

/* Begin PBXSourcesBuildPhase section */
		9F43F3DC1428DC58003093A8 /* Sources */ = {
			isa = PBXSourcesBuildPhase;
			buildActionMask = 2147483647;
			files = (
				9F43F3F11428DC58003093A8 /* main.m in Sources */,
				9F43F3F51428DC58003093A8 /* DarkTimeAppDelegate.m in Sources */,
				9F43F3F91428DC58003093A8 /* DarkTimeAppDelegate_iPhone.m in Sources */,
				9F43F4001428DC58003093A8 /* DarkTimeAppDelegate_iPad.m in Sources */,
				9F43F4131428DCB7003093A8 /* DCDarkClockViewController.m in Sources */,
				9F43F4151428DCB7003093A8 /* DCClockState.m in Sources */,
				9F43F4161428DCB7003093A8 /* DCClockConstants.m in Sources */,
				9F43F4301428DEE5003093A8 /* DCDarkClockViewController_iPhone.m in Sources */,
				9F43F4351428DF02003093A8 /* DCDarkClockViewController_iPad.m in Sources */,
				9F59DA9B142D75100020A795 /* DCSettingsTableViewController.m in Sources */,
				9F59DAE8142E5E6C0020A795 /* DCFontSelectTableViewController.m in Sources */,
				9FF89EB014312325002DA909 /* DCInfoViewController.m in Sources */,
				9F50657014FC805F00EA2EA9 /* DCIFontManager.m in Sources */,
				9F50657414FC827B00EA2EA9 /* DCIFont.m in Sources */,
				9FC9655B1516858300D15754 /* DCIDashedDividerView.m in Sources */,
				9F67125215503EEE0022DB09 /* DCIWelcomeViewController.m in Sources */,
			);
			runOnlyForDeploymentPostprocessing = 0;
		};
/* End PBXSourcesBuildPhase section */

/* Begin PBXVariantGroup section */
		9F43F3ED1428DC58003093A8 /* InfoPlist.strings */ = {
			isa = PBXVariantGroup;
			children = (
				9F43F3EE1428DC58003093A8 /* en */,
			);
			name = InfoPlist.strings;
			sourceTree = "<group>";
		};
/* End PBXVariantGroup section */

/* Begin XCBuildConfiguration section */
		9F43F4041428DC58003093A8 /* Debug */ = {
			isa = XCBuildConfiguration;
			buildSettings = {
				ALWAYS_SEARCH_USER_PATHS = NO;
				CODE_SIGN_IDENTITY = "iPhone Distribution";
				"CODE_SIGN_IDENTITY[sdk=iphoneos*]" = "iPhone Distribution";
				COPY_PHASE_STRIP = NO;
				GCC_C_LANGUAGE_STANDARD = gnu99;
				GCC_DYNAMIC_NO_PIC = NO;
				GCC_OPTIMIZATION_LEVEL = 0;
				GCC_PREPROCESSOR_DEFINITIONS = (
					"DEBUG=1",
					"$(inherited)",
				);
				GCC_SYMBOLS_PRIVATE_EXTERN = NO;
				GCC_VERSION = com.apple.compilers.llvm.clang.1_0;
				GCC_WARN_ABOUT_MISSING_PROTOTYPES = YES;
				GCC_WARN_ABOUT_RETURN_TYPE = YES;
				GCC_WARN_UNUSED_VARIABLE = YES;
				IPHONEOS_DEPLOYMENT_TARGET = 5.0;
				PROVISIONING_PROFILE = "";
				"PROVISIONING_PROFILE[sdk=iphoneos*]" = "";
				RUN_CLANG_STATIC_ANALYZER = YES;
				SDKROOT = iphoneos;
				TARGETED_DEVICE_FAMILY = "1,2";
				VALIDATE_PRODUCT = NO;
			};
			name = Debug;
		};
		9F43F4051428DC58003093A8 /* Release */ = {
			isa = XCBuildConfiguration;
			buildSettings = {
				ALWAYS_SEARCH_USER_PATHS = NO;
				CODE_SIGN_IDENTITY = "iPhone Distribution";
				"CODE_SIGN_IDENTITY[sdk=iphoneos*]" = "iPhone Distribution";
				COPY_PHASE_STRIP = YES;
				GCC_C_LANGUAGE_STANDARD = gnu99;
				GCC_VERSION = com.apple.compilers.llvm.clang.1_0;
				GCC_WARN_ABOUT_MISSING_PROTOTYPES = YES;
				GCC_WARN_ABOUT_RETURN_TYPE = YES;
				GCC_WARN_UNUSED_VARIABLE = YES;
				IPHONEOS_DEPLOYMENT_TARGET = 5.0;
				OTHER_CFLAGS = "-DNS_BLOCK_ASSERTIONS=1";
				PROVISIONING_PROFILE = "";
				"PROVISIONING_PROFILE[sdk=iphoneos*]" = "";
				RUN_CLANG_STATIC_ANALYZER = YES;
				SDKROOT = iphoneos;
				TARGETED_DEVICE_FAMILY = "1,2";
				VALIDATE_PRODUCT = NO;
			};
			name = Release;
		};
		9F43F4071428DC58003093A8 /* Debug */ = {
			isa = XCBuildConfiguration;
			buildSettings = {
				CLANG_ENABLE_OBJC_ARC = YES;
				CODE_SIGN_IDENTITY = "iPhone Developer";
				"CODE_SIGN_IDENTITY[sdk=iphoneos*]" = "iPhone Developer";
				GCC_PRECOMPILE_PREFIX_HEADER = YES;
				GCC_PREFIX_HEADER = "DarkTime/DarkTime-Prefix.pch";
				GCC_VERSION = com.apple.compilers.llvm.clang.1_0;
				INFOPLIST_FILE = "DarkTime/DarkTime-Info.plist";
				IPHONEOS_DEPLOYMENT_TARGET = 5.0;
				PRODUCT_NAME = "$(TARGET_NAME)";
				PROVISIONING_PROFILE = "";
				"PROVISIONING_PROFILE[sdk=iphoneos*]" = "";
				WRAPPER_EXTENSION = app;
			};
			name = Debug;
		};
		9F43F4081428DC58003093A8 /* Release */ = {
			isa = XCBuildConfiguration;
			buildSettings = {
				CLANG_ENABLE_OBJC_ARC = YES;
				CODE_SIGN_IDENTITY = "iPhone Developer";
				"CODE_SIGN_IDENTITY[sdk=iphoneos*]" = "iPhone Developer";
				GCC_PRECOMPILE_PREFIX_HEADER = YES;
				GCC_PREFIX_HEADER = "DarkTime/DarkTime-Prefix.pch";
				GCC_VERSION = com.apple.compilers.llvm.clang.1_0;
				INFOPLIST_FILE = "DarkTime/DarkTime-Info.plist";
				IPHONEOS_DEPLOYMENT_TARGET = 5.0;
				PRODUCT_NAME = "$(TARGET_NAME)";
				PROVISIONING_PROFILE = "";
				"PROVISIONING_PROFILE[sdk=iphoneos*]" = "";
				WRAPPER_EXTENSION = app;
			};
			name = Release;
		};
		9F89BB231434B442007655C9 /* Ad Hoc */ = {
			isa = XCBuildConfiguration;
			buildSettings = {
				ALWAYS_SEARCH_USER_PATHS = NO;
				CODE_SIGN_IDENTITY = "iPhone Distribution";
				"CODE_SIGN_IDENTITY[sdk=iphoneos*]" = "iPhone Distribution";
				COPY_PHASE_STRIP = YES;
				GCC_C_LANGUAGE_STANDARD = gnu99;
				GCC_VERSION = com.apple.compilers.llvm.clang.1_0;
				GCC_WARN_ABOUT_MISSING_PROTOTYPES = YES;
				GCC_WARN_ABOUT_RETURN_TYPE = YES;
				GCC_WARN_UNUSED_VARIABLE = YES;
				IPHONEOS_DEPLOYMENT_TARGET = 5.0;
				OTHER_CFLAGS = "-DNS_BLOCK_ASSERTIONS=1";
				PROVISIONING_PROFILE = "";
				"PROVISIONING_PROFILE[sdk=iphoneos*]" = "";
				RUN_CLANG_STATIC_ANALYZER = YES;
				SDKROOT = iphoneos;
				TARGETED_DEVICE_FAMILY = "1,2";
				VALIDATE_PRODUCT = NO;
			};
			name = "Ad Hoc";
		};
		9F89BB241434B442007655C9 /* Ad Hoc */ = {
			isa = XCBuildConfiguration;
			buildSettings = {
				CLANG_ENABLE_OBJC_ARC = YES;
				CODE_SIGN_ENTITLEMENTS = Entitlements.plist;
				CODE_SIGN_IDENTITY = "iPhone Developer";
				"CODE_SIGN_IDENTITY[sdk=iphoneos*]" = "iPhone Developer";
				GCC_PRECOMPILE_PREFIX_HEADER = YES;
				GCC_PREFIX_HEADER = "DarkTime/DarkTime-Prefix.pch";
				GCC_VERSION = com.apple.compilers.llvm.clang.1_0;
				INFOPLIST_FILE = "DarkTime/DarkTime-Info.plist";
				IPHONEOS_DEPLOYMENT_TARGET = 5.0;
				PRODUCT_NAME = "$(TARGET_NAME)";
				PROVISIONING_PROFILE = "";
				"PROVISIONING_PROFILE[sdk=iphoneos*]" = "";
				WRAPPER_EXTENSION = app;
			};
			name = "Ad Hoc";
		};
/* End XCBuildConfiguration section */

/* Begin XCConfigurationList section */
		9F43F3DA1428DC58003093A8 /* Build configuration list for PBXProject "DarkTime" */ = {
			isa = XCConfigurationList;
			buildConfigurations = (
				9F43F4041428DC58003093A8 /* Debug */,
				9F43F4051428DC58003093A8 /* Release */,
				9F89BB231434B442007655C9 /* Ad Hoc */,
			);
			defaultConfigurationIsVisible = 0;
			defaultConfigurationName = Release;
		};
		9F43F4061428DC58003093A8 /* Build configuration list for PBXNativeTarget "DarkTime" */ = {
			isa = XCConfigurationList;
			buildConfigurations = (
				9F43F4071428DC58003093A8 /* Debug */,
				9F43F4081428DC58003093A8 /* Release */,
				9F89BB241434B442007655C9 /* Ad Hoc */,
			);
			defaultConfigurationIsVisible = 0;
			defaultConfigurationName = Release;
		};
/* End XCConfigurationList section */
	};
	rootObject = 9F43F3D71428DC58003093A8 /* Project object */;
}
